{
  "name": "AdventOfCode-2016",
  "lockfileVersion": 3,
  "requires": true,
  "packages": {
    "": {
      "dependencies": {
        "@types/blueimp-md5": "^2.18.2",
        "js-md5": "^0.8.3"
      },
      "devDependencies": {
        "@types/node": "^20.9.2"
      }
    },
    "node_modules/@types/blueimp-md5": {
      "version": "2.18.2",
      "resolved": "https://registry.npmjs.org/@types/blueimp-md5/-/blueimp-md5-2.18.2.tgz",
      "integrity": "sha512-dJ9yRry9Olt5GAWlgCtE5dK9d/Dfhn/V7hna86eEO2Pn76+E8Y0S0n61iEUEGhWXXgtKtHxtZLVNwL8X+vLHzg=="
    },
    "node_modules/@types/node": {
      "version": "20.9.2",
      "resolved": "https://registry.npmjs.org/@types/node/-/node-20.9.2.tgz",
      "integrity": "sha512-WHZXKFCEyIUJzAwh3NyyTHYSR35SevJ6mZ1nWwJafKtiQbqRTIKSRcw3Ma3acqgsent3RRDqeVwpHntMk+9irg==",
      "dev": true,
      "dependencies": {
        "undici-types": "~5.26.4"
      }
    },
    "node_modules/js-md5": {
      "version": "0.8.3",
      "resolved": "https://registry.npmjs.org/js-md5/-/js-md5-0.8.3.tgz",
      "integrity": "sha512-qR0HB5uP6wCuRMrWPTrkMaev7MJZwJuuw4fnwAzRgP4J4/F8RwtodOKpGp4XpqsLBFzzgqIO42efFAyz2Et6KQ=="
    },
    "node_modules/undici-types": {
      "version": "5.26.5",
      "resolved": "https://registry.npmjs.org/undici-types/-/undici-types-5.26.5.tgz",
      "integrity": "sha512-JlCMO+ehdEIKqlFxk6IfVoAUVmgz7cU7zD/h9XZ0qzeosSHmUJVOzSQvvYSYWXkFXC+IfLKSIffhv0sVZup6pA==",
      "dev": true
    }
  }
}
